{
  "originHash" : "92e3d731734990261e9845944110ca9fc3cebce86b7caef98087a694c65b6fa2",
  "pins" : [
    {
      "identity" : "capacitor-swift-pm",
      "kind" : "remoteSourceControl",
      "location" : "https://github.com/ionic-team/capacitor-swift-pm.git",
      "state" : {
        "revision" : "41ee0b4d8613cce2adf761f3c2345a66d2ad758b",
        "version" : "7.6.8"
      }
    }
  ],
  "version" : 3
}
